
Microsoft Visual Studio Solution File, Format Version 12.00
# Visual Studio Version 16
VisualStudioVersion = 16.0.31911.196
MinimumVisualStudioVersion = 10.0.40219.1
Project("{9092AA53-FB77-4645-B42D-1CCCA6BD08BD}") = "CheckList", "CheckList.njsproj", "{477B2EC0-6A5F-448D-B5DC-392F19BC7B46}"
EndProject
Global
	GlobalSection(SolutionConfigurationPlatforms) = preSolution
		Debug|Any CPU = Debug|Any CPU
		Release|Any CPU = Release|Any CPU
	EndGlobalSection
	GlobalSection(ProjectConfigurationPlatforms) = postSolution
		{477B2EC0-6A5F-448D-B5DC-392F19BC7B46}.Debug|Any CPU.ActiveCfg = Debug|Any CPU
		{477B2EC0-6A5F-448D-B5DC-392F19BC7B46}.Debug|Any CPU.Build.0 = Debug|Any CPU
		{477B2EC0-6A5F-448D-B5DC-392F19BC7B46}.Release|Any CPU.ActiveCfg = Release|Any CPU
		{477B2EC0-6A5F-448D-B5DC-392F19BC7B46}.Release|Any CPU.Build.0 = Release|Any CPU
	EndGlobalSection
	GlobalSection(SolutionProperties) = preSolution
		HideSolutionNode = FALSE
	EndGlobalSection
	GlobalSection(ExtensibilityGlobals) = postSolution
		SolutionGuid = {63992BEB-48B1-44FE-9FC8-B6AC1F806017}
	EndGlobalSection
EndGlobal
